
Microsoft Visual Studio Solution File, Format Version 12.00
# Visual Studio Version 16
VisualStudioVersion = 16.0.29521.150
MinimumVisualStudioVersion = 10.0.40219.1
Project("{FAE04EC0-301F-11D3-BF4B-00C04F79EFBC}") = "Search_Project", "Search_Project.csproj", "{A8018B3C-9DEC-4A8A-A119-77E34763A096}"
EndProject
Global
	GlobalSection(SolutionConfigurationPlatforms) = preSolution
		Debug|Any CPU = Debug|Any CPU
		Release|Any CPU = Release|Any CPU
	EndGlobalSection
	GlobalSection(ProjectConfigurationPlatforms) = postSolution
		{A8018B3C-9DEC-4A8A-A119-77E34763A096}.Debug|Any CPU.ActiveCfg = Debug|Any CPU
		{A8018B3C-9DEC-4A8A-A119-77E34763A096}.Debug|Any CPU.Build.0 = Debug|Any CPU
		{A8018B3C-9DEC-4A8A-A119-77E34763A096}.Release|Any CPU.ActiveCfg = Release|Any CPU
		{A8018B3C-9DEC-4A8A-A119-77E34763A096}.Release|Any CPU.Build.0 = Release|Any CPU
	EndGlobalSection
	GlobalSection(SolutionProperties) = preSolution
		HideSolutionNode = FALSE
	EndGlobalSection
	GlobalSection(ExtensibilityGlobals) = postSolution
		SolutionGuid = {5ECA13A4-E593-4DB7-93E0-925ABE955E41}
	EndGlobalSection
EndGlobal
